
Microsoft Visual Studio Solution File, Format Version 12.00
# Visual Studio 15
VisualStudioVersion = 15.0.28307.1145
MinimumVisualStudioVersion = 10.0.40219.1
Project("{FAE04EC0-301F-11D3-BF4B-00C04F79EFBC}") = "Gazi.Kazan.Myo.Motor.Mvc", "Gazi.Kazan.Myo.Motor.Mvc\Gazi.Kazan.Myo.Motor.Mvc.csproj", "{8F29BBAB-3EE0-4849-AD07-C1733A2EDF90}"
EndProject
Global
	GlobalSection(SolutionConfigurationPlatforms) = preSolution
		Debug|Any CPU = Debug|Any CPU
		Release|Any CPU = Release|Any CPU
	EndGlobalSection
	GlobalSection(ProjectConfigurationPlatforms) = postSolution
		{8F29BBAB-3EE0-4849-AD07-C1733A2EDF90}.Debug|Any CPU.ActiveCfg = Debug|Any CPU
		{8F29BBAB-3EE0-4849-AD07-C1733A2EDF90}.Debug|Any CPU.Build.0 = Debug|Any CPU
		{8F29BBAB-3EE0-4849-AD07-C1733A2EDF90}.Release|Any CPU.ActiveCfg = Release|Any CPU
		{8F29BBAB-3EE0-4849-AD07-C1733A2EDF90}.Release|Any CPU.Build.0 = Release|Any CPU
	EndGlobalSection
	GlobalSection(SolutionProperties) = preSolution
		HideSolutionNode = FALSE
	EndGlobalSection
	GlobalSection(ExtensibilityGlobals) = postSolution
		SolutionGuid = {1C80244C-572F-4C86-B3AE-8EC16CC818EE}
	EndGlobalSection
EndGlobal
